
Microsoft Visual Studio Solution File, Format Version 12.00
# Visual Studio 15
VisualStudioVersion = 15.0.28307.168
MinimumVisualStudioVersion = 10.0.40219.1
Project("{9A19103F-16F7-4668-BE54-9A1E7A4F7556}") = "ServiceApi", "src\ServiceApi\ServiceApi.csproj", "{1A23918D-3625-4BC4-A384-E7B0C02ACBF2}"
EndProject
Project("{9A19103F-16F7-4668-BE54-9A1E7A4F7556}") = "ClassLibrary", "src\ClassLibrary\ClassLibrary.csproj", "{98CB0EBE-6441-4570-B237-20CCBB8208D2}"
EndProject
Project("{9A19103F-16F7-4668-BE54-9A1E7A4F7556}") = "UnitTestProject", "src\UnitTestProject\UnitTestProject.csproj", "{6B532475-B793-48B4-A763-45B0430477CE}"
EndProject
Global
	GlobalSection(SolutionConfigurationPlatforms) = preSolution
		Debug|Any CPU = Debug|Any CPU
		Release|Any CPU = Release|Any CPU
	EndGlobalSection
	GlobalSection(ProjectConfigurationPlatforms) = postSolution
		{1A23918D-3625-4BC4-A384-E7B0C02ACBF2}.Debug|Any CPU.ActiveCfg = Debug|Any CPU
		{1A23918D-3625-4BC4-A384-E7B0C02ACBF2}.Debug|Any CPU.Build.0 = Debug|Any CPU
		{1A23918D-3625-4BC4-A384-E7B0C02ACBF2}.Release|Any CPU.ActiveCfg = Release|Any CPU
		{1A23918D-3625-4BC4-A384-E7B0C02ACBF2}.Release|Any CPU.Build.0 = Release|Any CPU
		{98CB0EBE-6441-4570-B237-20CCBB8208D2}.Debug|Any CPU.ActiveCfg = Debug|Any CPU
		{98CB0EBE-6441-4570-B237-20CCBB8208D2}.Debug|Any CPU.Build.0 = Debug|Any CPU
		{98CB0EBE-6441-4570-B237-20CCBB8208D2}.Release|Any CPU.ActiveCfg = Release|Any CPU
		{98CB0EBE-6441-4570-B237-20CCBB8208D2}.Release|Any CPU.Build.0 = Release|Any CPU
		{6B532475-B793-48B4-A763-45B0430477CE}.Debug|Any CPU.ActiveCfg = Debug|Any CPU
		{6B532475-B793-48B4-A763-45B0430477CE}.Debug|Any CPU.Build.0 = Debug|Any CPU
		{6B532475-B793-48B4-A763-45B0430477CE}.Release|Any CPU.ActiveCfg = Release|Any CPU
		{6B532475-B793-48B4-A763-45B0430477CE}.Release|Any CPU.Build.0 = Release|Any CPU
	EndGlobalSection
	GlobalSection(SolutionProperties) = preSolution
		HideSolutionNode = FALSE
	EndGlobalSection
	GlobalSection(ExtensibilityGlobals) = postSolution
		SolutionGuid = {3A2A195C-02F1-43C7-8574-0B3ED61EB74F}
	EndGlobalSection
EndGlobal
